
Microsoft Visual Studio Solution File, Format Version 12.00
# Visual Studio Version 17
VisualStudioVersion = 17.14.36310.24 d17.14
MinimumVisualStudioVersion = 10.0.40219.1
Project("{FAE04EC0-301F-11D3-BF4B-00C04F79EFBC}") = "dieukhientayps5", "dieukhientayps5.csproj", "{B423E72D-A218-4E37-921B-98CDE4D53715}"
EndProject
Global
	GlobalSection(SolutionConfigurationPlatforms) = preSolution
		Debug|Any CPU = Debug|Any CPU
		Release|Any CPU = Release|Any CPU
	EndGlobalSection
	GlobalSection(ProjectConfigurationPlatforms) = postSolution
		{B423E72D-A218-4E37-921B-98CDE4D53715}.Debug|Any CPU.ActiveCfg = Debug|Any CPU
		{B423E72D-A218-4E37-921B-98CDE4D53715}.Debug|Any CPU.Build.0 = Debug|Any CPU
		{B423E72D-A218-4E37-921B-98CDE4D53715}.Release|Any CPU.ActiveCfg = Release|Any CPU
		{B423E72D-A218-4E37-921B-98CDE4D53715}.Release|Any CPU.Build.0 = Release|Any CPU
	EndGlobalSection
	GlobalSection(SolutionProperties) = preSolution
		HideSolutionNode = FALSE
	EndGlobalSection
	GlobalSection(ExtensibilityGlobals) = postSolution
		SolutionGuid = {2EBE904D-7FFC-4E14-98C3-0C1BDC515E31}
	EndGlobalSection
EndGlobal
